// !$*UTF8*$!
{
	archiveVersion = 1;
	classes = {
	};
	objectVersion = 52;
	objects = {

/* Begin PBXBuildFile section */
		6A3DBC102443607800ACB3C3 /* knight.cc in Sources */ = {isa = PBXBuildFile; fileRef = 6A3DBC002443607700ACB3C3 /* knight.cc */; };
		6A3DBC112443607800ACB3C3 /* king.cc in Sources */ = {isa = PBXBuildFile; fileRef = 6A3DBC042443607700ACB3C3 /* king.cc */; };
		6A3DBC122443607800ACB3C3 /* piece.cc in Sources */ = {isa = PBXBuildFile; fileRef = 6A3DBC082443607700ACB3C3 /* piece.cc */; };
		6A3DBC132443607800ACB3C3 /* queen.cc in Sources */ = {isa = PBXBuildFile; fileRef = 6A3DBC092443607700ACB3C3 /* queen.cc */; };
		6A3DBC142443607800ACB3C3 /* pawn.cc in Sources */ = {isa = PBXBuildFile; fileRef = 6A3DBC0A2443607700ACB3C3 /* pawn.cc */; };
		6A3DBC152443607800ACB3C3 /* rook.cc in Sources */ = {isa = PBXBuildFile; fileRef = 6A3DBC0E2443607800ACB3C3 /* rook.cc */; };
		6A3DBC162443607800ACB3C3 /* bishop.cc in Sources */ = {isa = PBXBuildFile; fileRef = 6A3DBC0F2443607800ACB3C3 /* bishop.cc */; };
		6A3DBC272443608300ACB3C3 /* cell.cc in Sources */ = {isa = PBXBuildFile; fileRef = 6A3DBC192443608300ACB3C3 /* cell.cc */; };
		6A3DBC282443608400ACB3C3 /* board.cc in Sources */ = {isa = PBXBuildFile; fileRef = 6A3DBC1C2443608300ACB3C3 /* board.cc */; };
		6A3DBC292443608400ACB3C3 /* graphicsdisplay.cc in Sources */ = {isa = PBXBuildFile; fileRef = 6A3DBC1E2443608300ACB3C3 /* graphicsdisplay.cc */; };
		6A3DBC2A2443608400ACB3C3 /* textdisplay.cc in Sources */ = {isa = PBXBuildFile; fileRef = 6A3DBC212443608300ACB3C3 /* textdisplay.cc */; };
		6A3DBC2B2443608400ACB3C3 /* window.cc in Sources */ = {isa = PBXBuildFile; fileRef = 6A3DBC222443608300ACB3C3 /* window.cc */; };
		6A52690C24421AB7009DB73A /* main.cpp in Sources */ = {isa = PBXBuildFile; fileRef = 6A155837243EC89F0090D285 /* main.cpp */; };
		6A52690E24421AC7009DB73A /* colour.h in Sources */ = {isa = PBXBuildFile; fileRef = 6A52690D24421AC7009DB73A /* colour.h */; };
		6A52691024421AD0009DB73A /* move.h in Sources */ = {isa = PBXBuildFile; fileRef = 6A52690F24421AD0009DB73A /* move.h */; };
		6A52691224421ADD009DB73A /* position.h in Sources */ = {isa = PBXBuildFile; fileRef = 6A52691124421ADD009DB73A /* position.h */; };
		6A5269162442257C009DB73A /* chessplayer.cpp in Sources */ = {isa = PBXBuildFile; fileRef = 6A5269142442257C009DB73A /* chessplayer.cpp */; };
		6A52691924422716009DB73A /* human.cpp in Sources */ = {isa = PBXBuildFile; fileRef = 6A52691724422716009DB73A /* human.cpp */; };
		6A52691C244227E7009DB73A /* computer.cpp in Sources */ = {isa = PBXBuildFile; fileRef = 6A52691A244227E7009DB73A /* computer.cpp */; };
		6A52691F24422853009DB73A /* level1.cpp in Sources */ = {isa = PBXBuildFile; fileRef = 6A52691D24422853009DB73A /* level1.cpp */; };
		6A526922244228C7009DB73A /* level2.cpp in Sources */ = {isa = PBXBuildFile; fileRef = 6A526920244228C7009DB73A /* level2.cpp */; };
		6A526925244228E6009DB73A /* level3.cpp in Sources */ = {isa = PBXBuildFile; fileRef = 6A526923244228E6009DB73A /* level3.cpp */; };
		6A526928244228FD009DB73A /* level4.cpp in Sources */ = {isa = PBXBuildFile; fileRef = 6A526926244228FD009DB73A /* level4.cpp */; };
		6A52692B244232EE009DB73A /* gameplayer.cpp in Sources */ = {isa = PBXBuildFile; fileRef = 6A526929244232EE009DB73A /* gameplayer.cpp */; };
/* End PBXBuildFile section */

/* Begin PBXCopyFilesBuildPhase section */
		6A155832243EC89F0090D285 /* CopyFiles */ = {
			isa = PBXCopyFilesBuildPhase;
			buildActionMask = 2147483647;
			dstPath = /usr/share/man/man1/;
			dstSubfolderSpec = 0;
			files = (
			);
			runOnlyForDeploymentPostprocessing = 1;
		};
/* End PBXCopyFilesBuildPhase section */

/* Begin PBXFileReference section */
		6A155834243EC89F0090D285 /* chess */ = {isa = PBXFileReference; explicitFileType = "compiled.mach-o.executable"; includeInIndex = 0; path = chess; sourceTree = BUILT_PRODUCTS_DIR; };
		6A155837243EC89F0090D285 /* main.cpp */ = {isa = PBXFileReference; lastKnownFileType = sourcecode.cpp.cpp; path = main.cpp; sourceTree = "<group>"; };
		6A3DBBFF2443607700ACB3C3 /* queen.h */ = {isa = PBXFileReference; fileEncoding = 4; lastKnownFileType = sourcecode.c.h; name = queen.h; path = ../../queen.h; sourceTree = "<group>"; };
		6A3DBC002443607700ACB3C3 /* knight.cc */ = {isa = PBXFileReference; fileEncoding = 4; lastKnownFileType = sourcecode.cpp.cpp; name = knight.cc; path = ../../knight.cc; sourceTree = "<group>"; };
		6A3DBC012443607700ACB3C3 /* piece.h */ = {isa = PBXFileReference; fileEncoding = 4; lastKnownFileType = sourcecode.c.h; name = piece.h; path = ../../piece.h; sourceTree = "<group>"; };
		6A3DBC022443607700ACB3C3 /* colour.h */ = {isa = PBXFileReference; fileEncoding = 4; lastKnownFileType = sourcecode.c.h; name = colour.h; path = ../../colour.h; sourceTree = "<group>"; };
		6A3DBC032443607700ACB3C3 /* rook.h */ = {isa = PBXFileReference; fileEncoding = 4; lastKnownFileType = sourcecode.c.h; name = rook.h; path = ../../rook.h; sourceTree = "<group>"; };
		6A3DBC042443607700ACB3C3 /* king.cc */ = {isa = PBXFileReference; fileEncoding = 4; lastKnownFileType = sourcecode.cpp.cpp; name = king.cc; path = ../../king.cc; sourceTree = "<group>"; };
		6A3DBC052443607700ACB3C3 /* position.h */ = {isa = PBXFileReference; fileEncoding = 4; lastKnownFileType = sourcecode.c.h; name = position.h; path = ../../position.h; sourceTree = "<group>"; };
		6A3DBC062443607700ACB3C3 /* move.h */ = {isa = PBXFileReference; fileEncoding = 4; lastKnownFileType = sourcecode.c.h; name = move.h; path = ../../move.h; sourceTree = "<group>"; };
		6A3DBC072443607700ACB3C3 /* bishop.h */ = {isa = PBXFileReference; fileEncoding = 4; lastKnownFileType = sourcecode.c.h; name = bishop.h; path = ../../bishop.h; sourceTree = "<group>"; };
		6A3DBC082443607700ACB3C3 /* piece.cc */ = {isa = PBXFileReference; fileEncoding = 4; lastKnownFileType = sourcecode.cpp.cpp; name = piece.cc; path = ../../piece.cc; sourceTree = "<group>"; };
		6A3DBC092443607700ACB3C3 /* queen.cc */ = {isa = PBXFileReference; fileEncoding = 4; lastKnownFileType = sourcecode.cpp.cpp; name = queen.cc; path = ../../queen.cc; sourceTree = "<group>"; };
		6A3DBC0A2443607700ACB3C3 /* pawn.cc */ = {isa = PBXFileReference; fileEncoding = 4; lastKnownFileType = sourcecode.cpp.cpp; name = pawn.cc; path = ../../pawn.cc; sourceTree = "<group>"; };
		6A3DBC0B2443607700ACB3C3 /* king.h */ = {isa = PBXFileReference; fileEncoding = 4; lastKnownFileType = sourcecode.c.h; name = king.h; path = ../../king.h; sourceTree = "<group>"; };
		6A3DBC0C2443607800ACB3C3 /* knight.h */ = {isa = PBXFileReference; fileEncoding = 4; lastKnownFileType = sourcecode.c.h; name = knight.h; path = ../../knight.h; sourceTree = "<group>"; };
		6A3DBC0D2443607800ACB3C3 /* pawn.h */ = {isa = PBXFileReference; fileEncoding = 4; lastKnownFileType = sourcecode.c.h; name = pawn.h; path = ../../pawn.h; sourceTree = "<group>"; };
		6A3DBC0E2443607800ACB3C3 /* rook.cc */ = {isa = PBXFileReference; fileEncoding = 4; lastKnownFileType = sourcecode.cpp.cpp; name = rook.cc; path = ../../rook.cc; sourceTree = "<group>"; };
		6A3DBC0F2443607800ACB3C3 /* bishop.cc */ = {isa = PBXFileReference; fileEncoding = 4; lastKnownFileType = sourcecode.cpp.cpp; name = bishop.cc; path = ../../bishop.cc; sourceTree = "<group>"; };
		6A3DBC172443608300ACB3C3 /* textdisplay.h */ = {isa = PBXFileReference; fileEncoding = 4; lastKnownFileType = sourcecode.c.h; name = textdisplay.h; path = ../../chessFrame_Jasper/textdisplay.h; sourceTree = "<group>"; };
		6A3DBC182443608300ACB3C3 /* move.h */ = {isa = PBXFileReference; fileEncoding = 4; lastKnownFileType = sourcecode.c.h; name = move.h; path = ../../chessFrame_Jasper/move.h; sourceTree = "<group>"; };
		6A3DBC192443608300ACB3C3 /* cell.cc */ = {isa = PBXFileReference; fileEncoding = 4; lastKnownFileType = sourcecode.cpp.cpp; name = cell.cc; path = ../../chessFrame_Jasper/cell.cc; sourceTree = "<group>"; };
		6A3DBC1A2443608300ACB3C3 /* observer.h */ = {isa = PBXFileReference; fileEncoding = 4; lastKnownFileType = sourcecode.c.h; name = observer.h; path = ../../chessFrame_Jasper/observer.h; sourceTree = "<group>"; };
		6A3DBC1B2443608300ACB3C3 /* cell.h */ = {isa = PBXFileReference; fileEncoding = 4; lastKnownFileType = sourcecode.c.h; name = cell.h; path = ../../chessFrame_Jasper/cell.h; sourceTree = "<group>"; };
		6A3DBC1C2443608300ACB3C3 /* board.cc */ = {isa = PBXFileReference; fileEncoding = 4; lastKnownFileType = sourcecode.cpp.cpp; name = board.cc; path = ../../chessFrame_Jasper/board.cc; sourceTree = "<group>"; };
		6A3DBC1D2443608300ACB3C3 /* subject.h */ = {isa = PBXFileReference; fileEncoding = 4; lastKnownFileType = sourcecode.c.h; name = subject.h; path = ../../chessFrame_Jasper/subject.h; sourceTree = "<group>"; };
		6A3DBC1E2443608300ACB3C3 /* graphicsdisplay.cc */ = {isa = PBXFileReference; fileEncoding = 4; lastKnownFileType = sourcecode.cpp.cpp; name = graphicsdisplay.cc; path = ../../chessFrame_Jasper/graphicsdisplay.cc; sourceTree = "<group>"; };
		6A3DBC1F2443608300ACB3C3 /* info.h */ = {isa = PBXFileReference; fileEncoding = 4; lastKnownFileType = sourcecode.c.h; name = info.h; path = ../../chessFrame_Jasper/info.h; sourceTree = "<group>"; };
		6A3DBC202443608300ACB3C3 /* colour.h */ = {isa = PBXFileReference; fileEncoding = 4; lastKnownFileType = sourcecode.c.h; name = colour.h; path = ../../chessFrame_Jasper/colour.h; sourceTree = "<group>"; };
		6A3DBC212443608300ACB3C3 /* textdisplay.cc */ = {isa = PBXFileReference; fileEncoding = 4; lastKnownFileType = sourcecode.cpp.cpp; name = textdisplay.cc; path = ../../chessFrame_Jasper/textdisplay.cc; sourceTree = "<group>"; };
		6A3DBC222443608300ACB3C3 /* window.cc */ = {isa = PBXFileReference; fileEncoding = 4; lastKnownFileType = sourcecode.cpp.cpp; name = window.cc; path = ../../chessFrame_Jasper/window.cc; sourceTree = "<group>"; };
		6A3DBC232443608300ACB3C3 /* window.h */ = {isa = PBXFileReference; fileEncoding = 4; lastKnownFileType = sourcecode.c.h; name = window.h; path = ../../chessFrame_Jasper/window.h; sourceTree = "<group>"; };
		6A3DBC242443608300ACB3C3 /* board.h */ = {isa = PBXFileReference; fileEncoding = 4; lastKnownFileType = sourcecode.c.h; name = board.h; path = ../../chessFrame_Jasper/board.h; sourceTree = "<group>"; };
		6A3DBC252443608300ACB3C3 /* position.h */ = {isa = PBXFileReference; fileEncoding = 4; lastKnownFileType = sourcecode.c.h; name = position.h; path = ../../chessFrame_Jasper/position.h; sourceTree = "<group>"; };
		6A3DBC262443608300ACB3C3 /* graphicsdisplay.h */ = {isa = PBXFileReference; fileEncoding = 4; lastKnownFileType = sourcecode.c.h; name = graphicsdisplay.h; path = ../../chessFrame_Jasper/graphicsdisplay.h; sourceTree = "<group>"; };
		6A52690D24421AC7009DB73A /* colour.h */ = {isa = PBXFileReference; lastKnownFileType = sourcecode.c.h; path = colour.h; sourceTree = "<group>"; };
		6A52690F24421AD0009DB73A /* move.h */ = {isa = PBXFileReference; lastKnownFileType = sourcecode.c.h; path = move.h; sourceTree = "<group>"; };
		6A52691124421ADD009DB73A /* position.h */ = {isa = PBXFileReference; lastKnownFileType = sourcecode.c.h; path = position.h; sourceTree = "<group>"; };
		6A5269142442257C009DB73A /* chessplayer.cpp */ = {isa = PBXFileReference; lastKnownFileType = sourcecode.cpp.cpp; path = chessplayer.cpp; sourceTree = "<group>"; };
		6A5269152442257C009DB73A /* chessplayer.h */ = {isa = PBXFileReference; lastKnownFileType = sourcecode.c.h; path = chessplayer.h; sourceTree = "<group>"; };
		6A52691724422716009DB73A /* human.cpp */ = {isa = PBXFileReference; lastKnownFileType = sourcecode.cpp.cpp; path = human.cpp; sourceTree = "<group>"; };
		6A52691824422716009DB73A /* human.h */ = {isa = PBXFileReference; lastKnownFileType = sourcecode.c.h; path = human.h; sourceTree = "<group>"; };
		6A52691A244227E7009DB73A /* computer.cpp */ = {isa = PBXFileReference; lastKnownFileType = sourcecode.cpp.cpp; path = computer.cpp; sourceTree = "<group>"; };
		6A52691B244227E7009DB73A /* computer.h */ = {isa = PBXFileReference; lastKnownFileType = sourcecode.c.h; path = computer.h; sourceTree = "<group>"; };
		6A52691D24422853009DB73A /* level1.cpp */ = {isa = PBXFileReference; lastKnownFileType = sourcecode.cpp.cpp; path = level1.cpp; sourceTree = "<group>"; };
		6A52691E24422853009DB73A /* level1.h */ = {isa = PBXFileReference; lastKnownFileType = sourcecode.c.h; path = level1.h; sourceTree = "<group>"; };
		6A526920244228C7009DB73A /* level2.cpp */ = {isa = PBXFileReference; lastKnownFileType = sourcecode.cpp.cpp; path = level2.cpp; sourceTree = "<group>"; };
		6A526921244228C7009DB73A /* level2.h */ = {isa = PBXFileReference; lastKnownFileType = sourcecode.c.h; path = level2.h; sourceTree = "<group>"; };
		6A526923244228E6009DB73A /* level3.cpp */ = {isa = PBXFileReference; lastKnownFileType = sourcecode.cpp.cpp; path = level3.cpp; sourceTree = "<group>"; };
		6A526924244228E6009DB73A /* level3.h */ = {isa = PBXFileReference; lastKnownFileType = sourcecode.c.h; path = level3.h; sourceTree = "<group>"; };
		6A526926244228FD009DB73A /* level4.cpp */ = {isa = PBXFileReference; lastKnownFileType = sourcecode.cpp.cpp; path = level4.cpp; sourceTree = "<group>"; };
		6A526927244228FD009DB73A /* level4.h */ = {isa = PBXFileReference; lastKnownFileType = sourcecode.c.h; path = level4.h; sourceTree = "<group>"; };
		6A526929244232EE009DB73A /* gameplayer.cpp */ = {isa = PBXFileReference; lastKnownFileType = sourcecode.cpp.cpp; path = gameplayer.cpp; sourceTree = "<group>"; };
		6A52692A244232EE009DB73A /* gameplayer.h */ = {isa = PBXFileReference; lastKnownFileType = sourcecode.c.h; path = gameplayer.h; sourceTree = "<group>"; };
/* End PBXFileReference section */

/* Begin PBXFrameworksBuildPhase section */
		6A155831243EC89F0090D285 /* Frameworks */ = {
			isa = PBXFrameworksBuildPhase;
			buildActionMask = 2147483647;
			files = (
			);
			runOnlyForDeploymentPostprocessing = 0;
		};
/* End PBXFrameworksBuildPhase section */

/* Begin PBXGroup section */
		6A15582B243EC89F0090D285 = {
			isa = PBXGroup;
			children = (
				6A52691324421B0C009DB73A /* chess */,
				6A155835243EC89F0090D285 /* Products */,
			);
			sourceTree = "<group>";
		};
		6A155835243EC89F0090D285 /* Products */ = {
			isa = PBXGroup;
			children = (
				6A155834243EC89F0090D285 /* chess */,
			);
			name = Products;
			sourceTree = "<group>";
		};
		6A52691324421B0C009DB73A /* chess */ = {
			isa = PBXGroup;
			children = (
				6A3DBC1C2443608300ACB3C3 /* board.cc */,
				6A3DBC242443608300ACB3C3 /* board.h */,
				6A3DBC192443608300ACB3C3 /* cell.cc */,
				6A3DBC1B2443608300ACB3C3 /* cell.h */,
				6A3DBC202443608300ACB3C3 /* colour.h */,
				6A3DBC1E2443608300ACB3C3 /* graphicsdisplay.cc */,
				6A3DBC262443608300ACB3C3 /* graphicsdisplay.h */,
				6A3DBC1F2443608300ACB3C3 /* info.h */,
				6A3DBC182443608300ACB3C3 /* move.h */,
				6A3DBC1A2443608300ACB3C3 /* observer.h */,
				6A3DBC252443608300ACB3C3 /* position.h */,
				6A3DBC1D2443608300ACB3C3 /* subject.h */,
				6A3DBC212443608300ACB3C3 /* textdisplay.cc */,
				6A3DBC172443608300ACB3C3 /* textdisplay.h */,
				6A3DBC222443608300ACB3C3 /* window.cc */,
				6A3DBC232443608300ACB3C3 /* window.h */,
				6A3DBC0F2443607800ACB3C3 /* bishop.cc */,
				6A3DBC072443607700ACB3C3 /* bishop.h */,
				6A3DBC022443607700ACB3C3 /* colour.h */,
				6A3DBC042443607700ACB3C3 /* king.cc */,
				6A3DBC0B2443607700ACB3C3 /* king.h */,
				6A3DBC002443607700ACB3C3 /* knight.cc */,
				6A3DBC0C2443607800ACB3C3 /* knight.h */,
				6A3DBC062443607700ACB3C3 /* move.h */,
				6A3DBC0A2443607700ACB3C3 /* pawn.cc */,
				6A3DBC0D2443607800ACB3C3 /* pawn.h */,
				6A3DBC082443607700ACB3C3 /* piece.cc */,
				6A3DBC012443607700ACB3C3 /* piece.h */,
				6A3DBC052443607700ACB3C3 /* position.h */,
				6A3DBC092443607700ACB3C3 /* queen.cc */,
				6A3DBBFF2443607700ACB3C3 /* queen.h */,
				6A3DBC0E2443607800ACB3C3 /* rook.cc */,
				6A3DBC032443607700ACB3C3 /* rook.h */,
				6A155837243EC89F0090D285 /* main.cpp */,
				6A52690D24421AC7009DB73A /* colour.h */,
				6A52691124421ADD009DB73A /* position.h */,
				6A52690F24421AD0009DB73A /* move.h */,
				6A5269142442257C009DB73A /* chessplayer.cpp */,
				6A5269152442257C009DB73A /* chessplayer.h */,
				6A52691724422716009DB73A /* human.cpp */,
				6A52691824422716009DB73A /* human.h */,
				6A52691A244227E7009DB73A /* computer.cpp */,
				6A52691B244227E7009DB73A /* computer.h */,
				6A52691D24422853009DB73A /* level1.cpp */,
				6A52691E24422853009DB73A /* level1.h */,
				6A526920244228C7009DB73A /* level2.cpp */,
				6A526921244228C7009DB73A /* level2.h */,
				6A526923244228E6009DB73A /* level3.cpp */,
				6A526924244228E6009DB73A /* level3.h */,
				6A526926244228FD009DB73A /* level4.cpp */,
				6A526927244228FD009DB73A /* level4.h */,
				6A526929244232EE009DB73A /* gameplayer.cpp */,
				6A52692A244232EE009DB73A /* gameplayer.h */,
			);
			path = chess;
			sourceTree = "<group>";
		};
/* End PBXGroup section */

/* Begin PBXNativeTarget section */
		6A155833243EC89F0090D285 /* chess */ = {
			isa = PBXNativeTarget;
			buildConfigurationList = 6A15583B243EC89F0090D285 /* Build configuration list for PBXNativeTarget "chess" */;
			buildPhases = (
				6A155830243EC89F0090D285 /* Sources */,
				6A155831243EC89F0090D285 /* Frameworks */,
				6A155832243EC89F0090D285 /* CopyFiles */,
			);
			buildRules = (
			);
			dependencies = (
			);
			name = chess;
			productName = chess;
			productReference = 6A155834243EC89F0090D285 /* chess */;
			productType = "com.apple.product-type.tool";
		};
/* End PBXNativeTarget section */

/* Begin PBXProject section */
		6A15582C243EC89F0090D285 /* Project object */ = {
			isa = PBXProject;
			attributes = {
				LastUpgradeCheck = 1110;
				ORGANIZATIONNAME = CS246Team;
				TargetAttributes = {
					6A155833243EC89F0090D285 = {
						CreatedOnToolsVersion = 11.1;
					};
				};
			};
			buildConfigurationList = 6A15582F243EC89F0090D285 /* Build configuration list for PBXProject "chess" */;
			compatibilityVersion = "Xcode 11.0";
			developmentRegion = en;
			hasScannedForEncodings = 0;
			knownRegions = (
				en,
				Base,
			);
			mainGroup = 6A15582B243EC89F0090D285;
			productRefGroup = 6A155835243EC89F0090D285 /* Products */;
			projectDirPath = "";
			projectRoot = "";
			targets = (
				6A155833243EC89F0090D285 /* chess */,
			);
		};
/* End PBXProject section */

/* Begin PBXSourcesBuildPhase section */
		6A155830243EC89F0090D285 /* Sources */ = {
			isa = PBXSourcesBuildPhase;
			buildActionMask = 2147483647;
			files = (
				6A526925244228E6009DB73A /* level3.cpp in Sources */,
				6A3DBC142443607800ACB3C3 /* pawn.cc in Sources */,
				6A526922244228C7009DB73A /* level2.cpp in Sources */,
				6A52691224421ADD009DB73A /* position.h in Sources */,
				6A3DBC282443608400ACB3C3 /* board.cc in Sources */,
				6A52691924422716009DB73A /* human.cpp in Sources */,
				6A3DBC2A2443608400ACB3C3 /* textdisplay.cc in Sources */,
				6A5269162442257C009DB73A /* chessplayer.cpp in Sources */,
				6A3DBC152443607800ACB3C3 /* rook.cc in Sources */,
				6A526928244228FD009DB73A /* level4.cpp in Sources */,
				6A52692B244232EE009DB73A /* gameplayer.cpp in Sources */,
				6A3DBC102443607800ACB3C3 /* knight.cc in Sources */,
				6A52691024421AD0009DB73A /* move.h in Sources */,
				6A3DBC2B2443608400ACB3C3 /* window.cc in Sources */,
				6A52691F24422853009DB73A /* level1.cpp in Sources */,
				6A3DBC132443607800ACB3C3 /* queen.cc in Sources */,
				6A3DBC162443607800ACB3C3 /* bishop.cc in Sources */,
				6A3DBC112443607800ACB3C3 /* king.cc in Sources */,
				6A3DBC122443607800ACB3C3 /* piece.cc in Sources */,
				6A52691C244227E7009DB73A /* computer.cpp in Sources */,
				6A52690E24421AC7009DB73A /* colour.h in Sources */,
				6A3DBC292443608400ACB3C3 /* graphicsdisplay.cc in Sources */,
				6A52690C24421AB7009DB73A /* main.cpp in Sources */,
				6A3DBC272443608300ACB3C3 /* cell.cc in Sources */,
			);
			runOnlyForDeploymentPostprocessing = 0;
		};
/* End PBXSourcesBuildPhase section */

/* Begin XCBuildConfiguration section */
		6A155839243EC89F0090D285 /* Debug */ = {
			isa = XCBuildConfiguration;
			buildSettings = {
				ALWAYS_SEARCH_USER_PATHS = NO;
				CLANG_ANALYZER_NONNULL = YES;
				CLANG_ANALYZER_NUMBER_OBJECT_CONVERSION = YES_AGGRESSIVE;
				CLANG_CXX_LANGUAGE_STANDARD = "gnu++14";
				CLANG_CXX_LIBRARY = "libc++";
				CLANG_ENABLE_MODULES = YES;
				CLANG_ENABLE_OBJC_ARC = YES;
				CLANG_ENABLE_OBJC_WEAK = YES;
				CLANG_WARN_BLOCK_CAPTURE_AUTORELEASING = YES;
				CLANG_WARN_BOOL_CONVERSION = YES;
				CLANG_WARN_COMMA = YES;
				CLANG_WARN_CONSTANT_CONVERSION = YES;
				CLANG_WARN_DEPRECATED_OBJC_IMPLEMENTATIONS = YES;
				CLANG_WARN_DIRECT_OBJC_ISA_USAGE = YES_ERROR;
				CLANG_WARN_DOCUMENTATION_COMMENTS = YES;
				CLANG_WARN_EMPTY_BODY = YES;
				CLANG_WARN_ENUM_CONVERSION = YES;
				CLANG_WARN_INFINITE_RECURSION = YES;
				CLANG_WARN_INT_CONVERSION = YES;
				CLANG_WARN_NON_LITERAL_NULL_CONVERSION = YES;
				CLANG_WARN_OBJC_IMPLICIT_RETAIN_SELF = YES;
				CLANG_WARN_OBJC_LITERAL_CONVERSION = YES;
				CLANG_WARN_OBJC_ROOT_CLASS = YES_ERROR;
				CLANG_WARN_RANGE_LOOP_ANALYSIS = YES;
				CLANG_WARN_STRICT_PROTOTYPES = YES;
				CLANG_WARN_SUSPICIOUS_MOVE = YES;
				CLANG_WARN_UNGUARDED_AVAILABILITY = YES_AGGRESSIVE;
				CLANG_WARN_UNREACHABLE_CODE = YES;
				CLANG_WARN__DUPLICATE_METHOD_MATCH = YES;
				COPY_PHASE_STRIP = NO;
				DEBUG_INFORMATION_FORMAT = dwarf;
				ENABLE_STRICT_OBJC_MSGSEND = YES;
				ENABLE_TESTABILITY = YES;
				GCC_C_LANGUAGE_STANDARD = gnu11;
				GCC_DYNAMIC_NO_PIC = NO;
				GCC_NO_COMMON_BLOCKS = YES;
				GCC_OPTIMIZATION_LEVEL = 0;
				GCC_PREPROCESSOR_DEFINITIONS = (
					"DEBUG=1",
					"$(inherited)",
				);
				GCC_WARN_64_TO_32_BIT_CONVERSION = YES;
				GCC_WARN_ABOUT_RETURN_TYPE = YES_ERROR;
				GCC_WARN_UNDECLARED_SELECTOR = YES;
				GCC_WARN_UNINITIALIZED_AUTOS = YES_AGGRESSIVE;
				GCC_WARN_UNUSED_FUNCTION = YES;
				GCC_WARN_UNUSED_VARIABLE = YES;
				MACOSX_DEPLOYMENT_TARGET = 10.15;
				MTL_ENABLE_DEBUG_INFO = INCLUDE_SOURCE;
				MTL_FAST_MATH = YES;
				ONLY_ACTIVE_ARCH = YES;
				SDKROOT = macosx;
			};
			name = Debug;
		};
		6A15583A243EC89F0090D285 /* Release */ = {
			isa = XCBuildConfiguration;
			buildSettings = {
				ALWAYS_SEARCH_USER_PATHS = NO;
				CLANG_ANALYZER_NONNULL = YES;
				CLANG_ANALYZER_NUMBER_OBJECT_CONVERSION = YES_AGGRESSIVE;
				CLANG_CXX_LANGUAGE_STANDARD = "gnu++14";
				CLANG_CXX_LIBRARY = "libc++";
				CLANG_ENABLE_MODULES = YES;
				CLANG_ENABLE_OBJC_ARC = YES;
				CLANG_ENABLE_OBJC_WEAK = YES;
				CLANG_WARN_BLOCK_CAPTURE_AUTORELEASING = YES;
				CLANG_WARN_BOOL_CONVERSION = YES;
				CLANG_WARN_COMMA = YES;
				CLANG_WARN_CONSTANT_CONVERSION = YES;
				CLANG_WARN_DEPRECATED_OBJC_IMPLEMENTATIONS = YES;
				CLANG_WARN_DIRECT_OBJC_ISA_USAGE = YES_ERROR;
				CLANG_WARN_DOCUMENTATION_COMMENTS = YES;
				CLANG_WARN_EMPTY_BODY = YES;
				CLANG_WARN_ENUM_CONVERSION = YES;
				CLANG_WARN_INFINITE_RECURSION = YES;
				CLANG_WARN_INT_CONVERSION = YES;
				CLANG_WARN_NON_LITERAL_NULL_CONVERSION = YES;
				CLANG_WARN_OBJC_IMPLICIT_RETAIN_SELF = YES;
				CLANG_WARN_OBJC_LITERAL_CONVERSION = YES;
				CLANG_WARN_OBJC_ROOT_CLASS = YES_ERROR;
				CLANG_WARN_RANGE_LOOP_ANALYSIS = YES;
				CLANG_WARN_STRICT_PROTOTYPES = YES;
				CLANG_WARN_SUSPICIOUS_MOVE = YES;
				CLANG_WARN_UNGUARDED_AVAILABILITY = YES_AGGRESSIVE;
				CLANG_WARN_UNREACHABLE_CODE = YES;
				CLANG_WARN__DUPLICATE_METHOD_MATCH = YES;
				COPY_PHASE_STRIP = NO;
				DEBUG_INFORMATION_FORMAT = "dwarf-with-dsym";
				ENABLE_NS_ASSERTIONS = NO;
				ENABLE_STRICT_OBJC_MSGSEND = YES;
				GCC_C_LANGUAGE_STANDARD = gnu11;
				GCC_NO_COMMON_BLOCKS = YES;
				GCC_WARN_64_TO_32_BIT_CONVERSION = YES;
				GCC_WARN_ABOUT_RETURN_TYPE = YES_ERROR;
				GCC_WARN_UNDECLARED_SELECTOR = YES;
				GCC_WARN_UNINITIALIZED_AUTOS = YES_AGGRESSIVE;
				GCC_WARN_UNUSED_FUNCTION = YES;
				GCC_WARN_UNUSED_VARIABLE = YES;
				MACOSX_DEPLOYMENT_TARGET = 10.15;
				MTL_ENABLE_DEBUG_INFO = NO;
				MTL_FAST_MATH = YES;
				SDKROOT = macosx;
				"SYSTEM_HEADER_SEARCH_PATHS[arch=*]" = "";
			};
			name = Release;
		};
		6A15583C243EC89F0090D285 /* Debug */ = {
			isa = XCBuildConfiguration;
			buildSettings = {
				CODE_SIGN_STYLE = Automatic;
				"HEADER_SEARCH_PATHS[arch=*]" = "$(PROJECT_DIR)/build/include";
				PRODUCT_NAME = "$(TARGET_NAME)";
				"SYSTEM_HEADER_SEARCH_PATHS[arch=*]" = "/Applications/Xcode.app/Contents/Developer/Toolchains/XcodeDefault.xctoolchain/usr/include/c++/v1/";
			};
			name = Debug;
		};
		6A15583D243EC89F0090D285 /* Release */ = {
			isa = XCBuildConfiguration;
			buildSettings = {
				CODE_SIGN_STYLE = Automatic;
				"HEADER_SEARCH_PATHS[arch=*]" = "$(PROJECT_DIR)/build/include";
				PRODUCT_NAME = "$(TARGET_NAME)";
				"SYSTEM_HEADER_SEARCH_PATHS[arch=*]" = "/Applications/Xcode.app/Contents/Developer/Toolchains/XcodeDefault.xctoolchain/usr/include/c++/v1/";
			};
			name = Release;
		};
/* End XCBuildConfiguration section */

/* Begin XCConfigurationList section */
		6A15582F243EC89F0090D285 /* Build configuration list for PBXProject "chess" */ = {
			isa = XCConfigurationList;
			buildConfigurations = (
				6A155839243EC89F0090D285 /* Debug */,
				6A15583A243EC89F0090D285 /* Release */,
			);
			defaultConfigurationIsVisible = 0;
			defaultConfigurationName = Release;
		};
		6A15583B243EC89F0090D285 /* Build configuration list for PBXNativeTarget "chess" */ = {
			isa = XCConfigurationList;
			buildConfigurations = (
				6A15583C243EC89F0090D285 /* Debug */,
				6A15583D243EC89F0090D285 /* Release */,
			);
			defaultConfigurationIsVisible = 0;
			defaultConfigurationName = Release;
		};
/* End XCConfigurationList section */
	};
	rootObject = 6A15582C243EC89F0090D285 /* Project object */;
}
