// !$*UTF8*$!
{
	archiveVersion = 1;
	classes = {
	};
	objectVersion = 52;
	objects = {

/* Begin PBXBuildFile section */
		6A52690C24421AB7009DB73A /* main.cpp in Sources */ = {isa = PBXBuildFile; fileRef = 6A155837243EC89F0090D285 /* main.cpp */; };
		6A6F473F2447B1F3001EE8D6 /* human.cpp in Sources */ = {isa = PBXBuildFile; fileRef = 6A6F472F2447B1F3001EE8D6 /* human.cpp */; };
		6A6F47402447B1F3001EE8D6 /* level4.cpp in Sources */ = {isa = PBXBuildFile; fileRef = 6A6F47312447B1F3001EE8D6 /* level4.cpp */; };
		6A6F47412447B1F3001EE8D6 /* chessplayer.cpp in Sources */ = {isa = PBXBuildFile; fileRef = 6A6F47332447B1F3001EE8D6 /* chessplayer.cpp */; };
		6A6F47422447B1F3001EE8D6 /* level2.cpp in Sources */ = {isa = PBXBuildFile; fileRef = 6A6F47342447B1F3001EE8D6 /* level2.cpp */; };
		6A6F47432447B1F3001EE8D6 /* gameplayer.cpp in Sources */ = {isa = PBXBuildFile; fileRef = 6A6F47362447B1F3001EE8D6 /* gameplayer.cpp */; };
		6A6F47442447B1F3001EE8D6 /* level1.cpp in Sources */ = {isa = PBXBuildFile; fileRef = 6A6F47382447B1F3001EE8D6 /* level1.cpp */; };
		6A6F47452447B1F3001EE8D6 /* level3.cpp in Sources */ = {isa = PBXBuildFile; fileRef = 6A6F473C2447B1F3001EE8D6 /* level3.cpp */; };
		6A6F47462447B1F3001EE8D6 /* computer.cpp in Sources */ = {isa = PBXBuildFile; fileRef = 6A6F473D2447B1F3001EE8D6 /* computer.cpp */; };
		6A6F47552447B212001EE8D6 /* knight.cc in Sources */ = {isa = PBXBuildFile; fileRef = 6A6F47482447B210001EE8D6 /* knight.cc */; };
		6A6F47562447B212001EE8D6 /* rook.cc in Sources */ = {isa = PBXBuildFile; fileRef = 6A6F47492447B210001EE8D6 /* rook.cc */; };
		6A6F47572447B212001EE8D6 /* piece.cc in Sources */ = {isa = PBXBuildFile; fileRef = 6A6F474A2447B210001EE8D6 /* piece.cc */; };
		6A6F47582447B212001EE8D6 /* bishop.cc in Sources */ = {isa = PBXBuildFile; fileRef = 6A6F474D2447B211001EE8D6 /* bishop.cc */; };
		6A6F47592447B212001EE8D6 /* pawn.cc in Sources */ = {isa = PBXBuildFile; fileRef = 6A6F474F2447B211001EE8D6 /* pawn.cc */; };
		6A6F475A2447B212001EE8D6 /* queen.cc in Sources */ = {isa = PBXBuildFile; fileRef = 6A6F47512447B211001EE8D6 /* queen.cc */; };
		6A6F475B2447B212001EE8D6 /* king.cc in Sources */ = {isa = PBXBuildFile; fileRef = 6A6F47522447B211001EE8D6 /* king.cc */; };
		6A6F476B2447B221001EE8D6 /* textdisplay.cc in Sources */ = {isa = PBXBuildFile; fileRef = 6A6F475D2447B21F001EE8D6 /* textdisplay.cc */; };
		6A6F476C2447B221001EE8D6 /* graphicsdisplay.cc in Sources */ = {isa = PBXBuildFile; fileRef = 6A6F47632447B220001EE8D6 /* graphicsdisplay.cc */; };
		6A6F476D2447B221001EE8D6 /* window.cc in Sources */ = {isa = PBXBuildFile; fileRef = 6A6F47672447B220001EE8D6 /* window.cc */; };
		6A6F476E2447B221001EE8D6 /* board.cc in Sources */ = {isa = PBXBuildFile; fileRef = 6A6F47682447B220001EE8D6 /* board.cc */; };
		6A6F476F2447B221001EE8D6 /* cell.cc in Sources */ = {isa = PBXBuildFile; fileRef = 6A6F47692447B220001EE8D6 /* cell.cc */; };
		6A6F4772244BB00E001EE8D6 /* errormessage.cc in Sources */ = {isa = PBXBuildFile; fileRef = 6A6F4771244BB00D001EE8D6 /* errormessage.cc */; };
/* End PBXBuildFile section */

/* Begin PBXCopyFilesBuildPhase section */
		6A155832243EC89F0090D285 /* CopyFiles */ = {
			isa = PBXCopyFilesBuildPhase;
			buildActionMask = 2147483647;
			dstPath = /usr/share/man/man1/;
			dstSubfolderSpec = 0;
			files = (
			);
			runOnlyForDeploymentPostprocessing = 1;
		};
/* End PBXCopyFilesBuildPhase section */

/* Begin PBXFileReference section */
		6A155834243EC89F0090D285 /* chess */ = {isa = PBXFileReference; explicitFileType = "compiled.mach-o.executable"; includeInIndex = 0; path = chess; sourceTree = BUILT_PRODUCTS_DIR; };
		6A155837243EC89F0090D285 /* main.cpp */ = {isa = PBXFileReference; lastKnownFileType = sourcecode.cpp.cpp; path = main.cpp; sourceTree = "<group>"; };
		6A6F472E2447B1F3001EE8D6 /* human.h */ = {isa = PBXFileReference; fileEncoding = 4; lastKnownFileType = sourcecode.c.h; path = human.h; sourceTree = "<group>"; };
		6A6F472F2447B1F3001EE8D6 /* human.cpp */ = {isa = PBXFileReference; fileEncoding = 4; lastKnownFileType = sourcecode.cpp.cpp; path = human.cpp; sourceTree = "<group>"; };
		6A6F47302447B1F3001EE8D6 /* level2.h */ = {isa = PBXFileReference; fileEncoding = 4; lastKnownFileType = sourcecode.c.h; path = level2.h; sourceTree = "<group>"; };
		6A6F47312447B1F3001EE8D6 /* level4.cpp */ = {isa = PBXFileReference; fileEncoding = 4; lastKnownFileType = sourcecode.cpp.cpp; path = level4.cpp; sourceTree = "<group>"; };
		6A6F47322447B1F3001EE8D6 /* level3.h */ = {isa = PBXFileReference; fileEncoding = 4; lastKnownFileType = sourcecode.c.h; path = level3.h; sourceTree = "<group>"; };
		6A6F47332447B1F3001EE8D6 /* chessplayer.cpp */ = {isa = PBXFileReference; fileEncoding = 4; lastKnownFileType = sourcecode.cpp.cpp; path = chessplayer.cpp; sourceTree = "<group>"; };
		6A6F47342447B1F3001EE8D6 /* level2.cpp */ = {isa = PBXFileReference; fileEncoding = 4; lastKnownFileType = sourcecode.cpp.cpp; path = level2.cpp; sourceTree = "<group>"; };
		6A6F47352447B1F3001EE8D6 /* level4.h */ = {isa = PBXFileReference; fileEncoding = 4; lastKnownFileType = sourcecode.c.h; path = level4.h; sourceTree = "<group>"; };
		6A6F47362447B1F3001EE8D6 /* gameplayer.cpp */ = {isa = PBXFileReference; fileEncoding = 4; lastKnownFileType = sourcecode.cpp.cpp; path = gameplayer.cpp; sourceTree = "<group>"; };
		6A6F47372447B1F3001EE8D6 /* level1.h */ = {isa = PBXFileReference; fileEncoding = 4; lastKnownFileType = sourcecode.c.h; path = level1.h; sourceTree = "<group>"; };
		6A6F47382447B1F3001EE8D6 /* level1.cpp */ = {isa = PBXFileReference; fileEncoding = 4; lastKnownFileType = sourcecode.cpp.cpp; path = level1.cpp; sourceTree = "<group>"; };
		6A6F47392447B1F3001EE8D6 /* gameplayer.h */ = {isa = PBXFileReference; fileEncoding = 4; lastKnownFileType = sourcecode.c.h; path = gameplayer.h; sourceTree = "<group>"; };
		6A6F473A2447B1F3001EE8D6 /* chessplayer.h */ = {isa = PBXFileReference; fileEncoding = 4; lastKnownFileType = sourcecode.c.h; path = chessplayer.h; sourceTree = "<group>"; };
		6A6F473B2447B1F3001EE8D6 /* position.h */ = {isa = PBXFileReference; fileEncoding = 4; lastKnownFileType = sourcecode.c.h; path = position.h; sourceTree = "<group>"; };
		6A6F473C2447B1F3001EE8D6 /* level3.cpp */ = {isa = PBXFileReference; fileEncoding = 4; lastKnownFileType = sourcecode.cpp.cpp; path = level3.cpp; sourceTree = "<group>"; };
		6A6F473D2447B1F3001EE8D6 /* computer.cpp */ = {isa = PBXFileReference; fileEncoding = 4; lastKnownFileType = sourcecode.cpp.cpp; path = computer.cpp; sourceTree = "<group>"; };
		6A6F473E2447B1F3001EE8D6 /* computer.h */ = {isa = PBXFileReference; fileEncoding = 4; lastKnownFileType = sourcecode.c.h; path = computer.h; sourceTree = "<group>"; };
		6A6F47472447B210001EE8D6 /* queen.h */ = {isa = PBXFileReference; fileEncoding = 4; lastKnownFileType = sourcecode.c.h; name = queen.h; path = ../../queen.h; sourceTree = "<group>"; };
		6A6F47482447B210001EE8D6 /* knight.cc */ = {isa = PBXFileReference; fileEncoding = 4; lastKnownFileType = sourcecode.cpp.cpp; name = knight.cc; path = ../../knight.cc; sourceTree = "<group>"; };
		6A6F47492447B210001EE8D6 /* rook.cc */ = {isa = PBXFileReference; fileEncoding = 4; lastKnownFileType = sourcecode.cpp.cpp; name = rook.cc; path = ../../rook.cc; sourceTree = "<group>"; };
		6A6F474A2447B210001EE8D6 /* piece.cc */ = {isa = PBXFileReference; fileEncoding = 4; lastKnownFileType = sourcecode.cpp.cpp; name = piece.cc; path = ../../piece.cc; sourceTree = "<group>"; };
		6A6F474B2447B211001EE8D6 /* king.h */ = {isa = PBXFileReference; fileEncoding = 4; lastKnownFileType = sourcecode.c.h; name = king.h; path = ../../king.h; sourceTree = "<group>"; };
		6A6F474C2447B211001EE8D6 /* knight.h */ = {isa = PBXFileReference; fileEncoding = 4; lastKnownFileType = sourcecode.c.h; name = knight.h; path = ../../knight.h; sourceTree = "<group>"; };
		6A6F474D2447B211001EE8D6 /* bishop.cc */ = {isa = PBXFileReference; fileEncoding = 4; lastKnownFileType = sourcecode.cpp.cpp; name = bishop.cc; path = ../../bishop.cc; sourceTree = "<group>"; };
		6A6F474E2447B211001EE8D6 /* piece.h */ = {isa = PBXFileReference; fileEncoding = 4; lastKnownFileType = sourcecode.c.h; name = piece.h; path = ../../piece.h; sourceTree = "<group>"; };
		6A6F474F2447B211001EE8D6 /* pawn.cc */ = {isa = PBXFileReference; fileEncoding = 4; lastKnownFileType = sourcecode.cpp.cpp; name = pawn.cc; path = ../../pawn.cc; sourceTree = "<group>"; };
		6A6F47502447B211001EE8D6 /* bishop.h */ = {isa = PBXFileReference; fileEncoding = 4; lastKnownFileType = sourcecode.c.h; name = bishop.h; path = ../../bishop.h; sourceTree = "<group>"; };
		6A6F47512447B211001EE8D6 /* queen.cc */ = {isa = PBXFileReference; fileEncoding = 4; lastKnownFileType = sourcecode.cpp.cpp; name = queen.cc; path = ../../queen.cc; sourceTree = "<group>"; };
		6A6F47522447B211001EE8D6 /* king.cc */ = {isa = PBXFileReference; fileEncoding = 4; lastKnownFileType = sourcecode.cpp.cpp; name = king.cc; path = ../../king.cc; sourceTree = "<group>"; };
		6A6F47532447B211001EE8D6 /* pawn.h */ = {isa = PBXFileReference; fileEncoding = 4; lastKnownFileType = sourcecode.c.h; name = pawn.h; path = ../../pawn.h; sourceTree = "<group>"; };
		6A6F47542447B211001EE8D6 /* rook.h */ = {isa = PBXFileReference; fileEncoding = 4; lastKnownFileType = sourcecode.c.h; name = rook.h; path = ../../rook.h; sourceTree = "<group>"; };
		6A6F475C2447B21F001EE8D6 /* window.h */ = {isa = PBXFileReference; fileEncoding = 4; lastKnownFileType = sourcecode.c.h; name = window.h; path = ../../chessFrame_Jasper/window.h; sourceTree = "<group>"; };
		6A6F475D2447B21F001EE8D6 /* textdisplay.cc */ = {isa = PBXFileReference; fileEncoding = 4; lastKnownFileType = sourcecode.cpp.cpp; name = textdisplay.cc; path = ../../chessFrame_Jasper/textdisplay.cc; sourceTree = "<group>"; };
		6A6F475E2447B21F001EE8D6 /* info.h */ = {isa = PBXFileReference; fileEncoding = 4; lastKnownFileType = sourcecode.c.h; name = info.h; path = ../../chessFrame_Jasper/info.h; sourceTree = "<group>"; };
		6A6F475F2447B220001EE8D6 /* colour.h */ = {isa = PBXFileReference; fileEncoding = 4; lastKnownFileType = sourcecode.c.h; name = colour.h; path = ../../chessFrame_Jasper/colour.h; sourceTree = "<group>"; };
		6A6F47602447B220001EE8D6 /* textdisplay.h */ = {isa = PBXFileReference; fileEncoding = 4; lastKnownFileType = sourcecode.c.h; name = textdisplay.h; path = ../../chessFrame_Jasper/textdisplay.h; sourceTree = "<group>"; };
		6A6F47612447B220001EE8D6 /* graphicsdisplay.h */ = {isa = PBXFileReference; fileEncoding = 4; lastKnownFileType = sourcecode.c.h; name = graphicsdisplay.h; path = ../../chessFrame_Jasper/graphicsdisplay.h; sourceTree = "<group>"; };
		6A6F47622447B220001EE8D6 /* move.h */ = {isa = PBXFileReference; fileEncoding = 4; lastKnownFileType = sourcecode.c.h; name = move.h; path = ../../chessFrame_Jasper/move.h; sourceTree = "<group>"; };
		6A6F47632447B220001EE8D6 /* graphicsdisplay.cc */ = {isa = PBXFileReference; fileEncoding = 4; lastKnownFileType = sourcecode.cpp.cpp; name = graphicsdisplay.cc; path = ../../chessFrame_Jasper/graphicsdisplay.cc; sourceTree = "<group>"; };
		6A6F47642447B220001EE8D6 /* cell.h */ = {isa = PBXFileReference; fileEncoding = 4; lastKnownFileType = sourcecode.c.h; name = cell.h; path = ../../chessFrame_Jasper/cell.h; sourceTree = "<group>"; };
		6A6F47652447B220001EE8D6 /* observer.h */ = {isa = PBXFileReference; fileEncoding = 4; lastKnownFileType = sourcecode.c.h; name = observer.h; path = ../../chessFrame_Jasper/observer.h; sourceTree = "<group>"; };
		6A6F47662447B220001EE8D6 /* subject.h */ = {isa = PBXFileReference; fileEncoding = 4; lastKnownFileType = sourcecode.c.h; name = subject.h; path = ../../chessFrame_Jasper/subject.h; sourceTree = "<group>"; };
		6A6F47672447B220001EE8D6 /* window.cc */ = {isa = PBXFileReference; fileEncoding = 4; lastKnownFileType = sourcecode.cpp.cpp; name = window.cc; path = ../../chessFrame_Jasper/window.cc; sourceTree = "<group>"; };
		6A6F47682447B220001EE8D6 /* board.cc */ = {isa = PBXFileReference; fileEncoding = 4; lastKnownFileType = sourcecode.cpp.cpp; name = board.cc; path = ../../chessFrame_Jasper/board.cc; sourceTree = "<group>"; };
		6A6F47692447B220001EE8D6 /* cell.cc */ = {isa = PBXFileReference; fileEncoding = 4; lastKnownFileType = sourcecode.cpp.cpp; name = cell.cc; path = ../../chessFrame_Jasper/cell.cc; sourceTree = "<group>"; };
		6A6F476A2447B221001EE8D6 /* board.h */ = {isa = PBXFileReference; fileEncoding = 4; lastKnownFileType = sourcecode.c.h; name = board.h; path = ../../chessFrame_Jasper/board.h; sourceTree = "<group>"; };
		6A6F4770244BB00D001EE8D6 /* errormessage.h */ = {isa = PBXFileReference; fileEncoding = 4; lastKnownFileType = sourcecode.c.h; name = errormessage.h; path = ../../chessFrame_Jasper/errormessage.h; sourceTree = "<group>"; };
		6A6F4771244BB00D001EE8D6 /* errormessage.cc */ = {isa = PBXFileReference; fileEncoding = 4; lastKnownFileType = sourcecode.cpp.cpp; name = errormessage.cc; path = ../../chessFrame_Jasper/errormessage.cc; sourceTree = "<group>"; };
/* End PBXFileReference section */

/* Begin PBXFrameworksBuildPhase section */
		6A155831243EC89F0090D285 /* Frameworks */ = {
			isa = PBXFrameworksBuildPhase;
			buildActionMask = 2147483647;
			files = (
			);
			runOnlyForDeploymentPostprocessing = 0;
		};
/* End PBXFrameworksBuildPhase section */

/* Begin PBXGroup section */
		6A15582B243EC89F0090D285 = {
			isa = PBXGroup;
			children = (
				6A52691324421B0C009DB73A /* chess */,
				6A155835243EC89F0090D285 /* Products */,
			);
			sourceTree = "<group>";
		};
		6A155835243EC89F0090D285 /* Products */ = {
			isa = PBXGroup;
			children = (
				6A155834243EC89F0090D285 /* chess */,
			);
			name = Products;
			sourceTree = "<group>";
		};
		6A52691324421B0C009DB73A /* chess */ = {
			isa = PBXGroup;
			children = (
				6A6F4771244BB00D001EE8D6 /* errormessage.cc */,
				6A6F4770244BB00D001EE8D6 /* errormessage.h */,
				6A6F47682447B220001EE8D6 /* board.cc */,
				6A6F476A2447B221001EE8D6 /* board.h */,
				6A6F47692447B220001EE8D6 /* cell.cc */,
				6A6F47642447B220001EE8D6 /* cell.h */,
				6A6F475F2447B220001EE8D6 /* colour.h */,
				6A6F47632447B220001EE8D6 /* graphicsdisplay.cc */,
				6A6F47612447B220001EE8D6 /* graphicsdisplay.h */,
				6A6F475E2447B21F001EE8D6 /* info.h */,
				6A6F47622447B220001EE8D6 /* move.h */,
				6A6F47652447B220001EE8D6 /* observer.h */,
				6A6F47662447B220001EE8D6 /* subject.h */,
				6A6F475D2447B21F001EE8D6 /* textdisplay.cc */,
				6A6F47602447B220001EE8D6 /* textdisplay.h */,
				6A6F47672447B220001EE8D6 /* window.cc */,
				6A6F475C2447B21F001EE8D6 /* window.h */,
				6A6F474D2447B211001EE8D6 /* bishop.cc */,
				6A6F47502447B211001EE8D6 /* bishop.h */,
				6A6F47522447B211001EE8D6 /* king.cc */,
				6A6F474B2447B211001EE8D6 /* king.h */,
				6A6F47482447B210001EE8D6 /* knight.cc */,
				6A6F474C2447B211001EE8D6 /* knight.h */,
				6A6F474F2447B211001EE8D6 /* pawn.cc */,
				6A6F47532447B211001EE8D6 /* pawn.h */,
				6A6F474A2447B210001EE8D6 /* piece.cc */,
				6A6F474E2447B211001EE8D6 /* piece.h */,
				6A6F47512447B211001EE8D6 /* queen.cc */,
				6A6F47472447B210001EE8D6 /* queen.h */,
				6A6F47492447B210001EE8D6 /* rook.cc */,
				6A6F47542447B211001EE8D6 /* rook.h */,
				6A6F47332447B1F3001EE8D6 /* chessplayer.cpp */,
				6A6F473A2447B1F3001EE8D6 /* chessplayer.h */,
				6A6F473D2447B1F3001EE8D6 /* computer.cpp */,
				6A6F473E2447B1F3001EE8D6 /* computer.h */,
				6A6F47362447B1F3001EE8D6 /* gameplayer.cpp */,
				6A6F47392447B1F3001EE8D6 /* gameplayer.h */,
				6A6F472F2447B1F3001EE8D6 /* human.cpp */,
				6A6F472E2447B1F3001EE8D6 /* human.h */,
				6A6F47382447B1F3001EE8D6 /* level1.cpp */,
				6A6F47372447B1F3001EE8D6 /* level1.h */,
				6A6F47342447B1F3001EE8D6 /* level2.cpp */,
				6A6F47302447B1F3001EE8D6 /* level2.h */,
				6A6F473C2447B1F3001EE8D6 /* level3.cpp */,
				6A6F47322447B1F3001EE8D6 /* level3.h */,
				6A6F47312447B1F3001EE8D6 /* level4.cpp */,
				6A6F47352447B1F3001EE8D6 /* level4.h */,
				6A6F473B2447B1F3001EE8D6 /* position.h */,
				6A155837243EC89F0090D285 /* main.cpp */,
			);
			path = chess;
			sourceTree = "<group>";
		};
/* End PBXGroup section */

/* Begin PBXNativeTarget section */
		6A155833243EC89F0090D285 /* chess */ = {
			isa = PBXNativeTarget;
			buildConfigurationList = 6A15583B243EC89F0090D285 /* Build configuration list for PBXNativeTarget "chess" */;
			buildPhases = (
				6A155830243EC89F0090D285 /* Sources */,
				6A155831243EC89F0090D285 /* Frameworks */,
				6A155832243EC89F0090D285 /* CopyFiles */,
			);
			buildRules = (
			);
			dependencies = (
			);
			name = chess;
			productName = chess;
			productReference = 6A155834243EC89F0090D285 /* chess */;
			productType = "com.apple.product-type.tool";
		};
/* End PBXNativeTarget section */

/* Begin PBXProject section */
		6A15582C243EC89F0090D285 /* Project object */ = {
			isa = PBXProject;
			attributes = {
				LastUpgradeCheck = 1110;
				ORGANIZATIONNAME = CS246Team;
				TargetAttributes = {
					6A155833243EC89F0090D285 = {
						CreatedOnToolsVersion = 11.1;
					};
				};
			};
			buildConfigurationList = 6A15582F243EC89F0090D285 /* Build configuration list for PBXProject "chess" */;
			compatibilityVersion = "Xcode 11.0";
			developmentRegion = en;
			hasScannedForEncodings = 0;
			knownRegions = (
				en,
				Base,
			);
			mainGroup = 6A15582B243EC89F0090D285;
			productRefGroup = 6A155835243EC89F0090D285 /* Products */;
			projectDirPath = "";
			projectRoot = "";
			targets = (
				6A155833243EC89F0090D285 /* chess */,
			);
		};
/* End PBXProject section */

/* Begin PBXSourcesBuildPhase section */
		6A155830243EC89F0090D285 /* Sources */ = {
			isa = PBXSourcesBuildPhase;
			buildActionMask = 2147483647;
			files = (
				6A6F476F2447B221001EE8D6 /* cell.cc in Sources */,
				6A6F476E2447B221001EE8D6 /* board.cc in Sources */,
				6A6F47432447B1F3001EE8D6 /* gameplayer.cpp in Sources */,
				6A6F47422447B1F3001EE8D6 /* level2.cpp in Sources */,
				6A6F47572447B212001EE8D6 /* piece.cc in Sources */,
				6A6F47552447B212001EE8D6 /* knight.cc in Sources */,
				6A6F475B2447B212001EE8D6 /* king.cc in Sources */,
				6A6F47442447B1F3001EE8D6 /* level1.cpp in Sources */,
				6A6F475A2447B212001EE8D6 /* queen.cc in Sources */,
				6A6F47562447B212001EE8D6 /* rook.cc in Sources */,
				6A52690C24421AB7009DB73A /* main.cpp in Sources */,
				6A6F47592447B212001EE8D6 /* pawn.cc in Sources */,
				6A6F4772244BB00E001EE8D6 /* errormessage.cc in Sources */,
				6A6F47402447B1F3001EE8D6 /* level4.cpp in Sources */,
				6A6F473F2447B1F3001EE8D6 /* human.cpp in Sources */,
				6A6F47452447B1F3001EE8D6 /* level3.cpp in Sources */,
				6A6F47412447B1F3001EE8D6 /* chessplayer.cpp in Sources */,
				6A6F47462447B1F3001EE8D6 /* computer.cpp in Sources */,
				6A6F476D2447B221001EE8D6 /* window.cc in Sources */,
				6A6F476C2447B221001EE8D6 /* graphicsdisplay.cc in Sources */,
				6A6F47582447B212001EE8D6 /* bishop.cc in Sources */,
				6A6F476B2447B221001EE8D6 /* textdisplay.cc in Sources */,
			);
			runOnlyForDeploymentPostprocessing = 0;
		};
/* End PBXSourcesBuildPhase section */

/* Begin XCBuildConfiguration section */
		6A155839243EC89F0090D285 /* Debug */ = {
			isa = XCBuildConfiguration;
			buildSettings = {
				ALWAYS_SEARCH_USER_PATHS = NO;
				CLANG_ANALYZER_NONNULL = YES;
				CLANG_ANALYZER_NUMBER_OBJECT_CONVERSION = YES_AGGRESSIVE;
				CLANG_CXX_LANGUAGE_STANDARD = "gnu++14";
				CLANG_CXX_LIBRARY = "libc++";
				CLANG_ENABLE_MODULES = YES;
				CLANG_ENABLE_OBJC_ARC = YES;
				CLANG_ENABLE_OBJC_WEAK = YES;
				CLANG_WARN_BLOCK_CAPTURE_AUTORELEASING = YES;
				CLANG_WARN_BOOL_CONVERSION = YES;
				CLANG_WARN_COMMA = YES;
				CLANG_WARN_CONSTANT_CONVERSION = YES;
				CLANG_WARN_DEPRECATED_OBJC_IMPLEMENTATIONS = YES;
				CLANG_WARN_DIRECT_OBJC_ISA_USAGE = YES_ERROR;
				CLANG_WARN_DOCUMENTATION_COMMENTS = YES;
				CLANG_WARN_EMPTY_BODY = YES;
				CLANG_WARN_ENUM_CONVERSION = YES;
				CLANG_WARN_INFINITE_RECURSION = YES;
				CLANG_WARN_INT_CONVERSION = YES;
				CLANG_WARN_NON_LITERAL_NULL_CONVERSION = YES;
				CLANG_WARN_OBJC_IMPLICIT_RETAIN_SELF = YES;
				CLANG_WARN_OBJC_LITERAL_CONVERSION = YES;
				CLANG_WARN_OBJC_ROOT_CLASS = YES_ERROR;
				CLANG_WARN_RANGE_LOOP_ANALYSIS = YES;
				CLANG_WARN_STRICT_PROTOTYPES = YES;
				CLANG_WARN_SUSPICIOUS_MOVE = YES;
				CLANG_WARN_UNGUARDED_AVAILABILITY = YES_AGGRESSIVE;
				CLANG_WARN_UNREACHABLE_CODE = YES;
				CLANG_WARN__DUPLICATE_METHOD_MATCH = YES;
				COPY_PHASE_STRIP = NO;
				DEBUG_INFORMATION_FORMAT = dwarf;
				ENABLE_STRICT_OBJC_MSGSEND = YES;
				ENABLE_TESTABILITY = YES;
				GCC_C_LANGUAGE_STANDARD = gnu11;
				GCC_DYNAMIC_NO_PIC = NO;
				GCC_NO_COMMON_BLOCKS = YES;
				GCC_OPTIMIZATION_LEVEL = 0;
				GCC_PREPROCESSOR_DEFINITIONS = (
					"DEBUG=1",
					"$(inherited)",
				);
				GCC_WARN_64_TO_32_BIT_CONVERSION = YES;
				GCC_WARN_ABOUT_RETURN_TYPE = YES_ERROR;
				GCC_WARN_UNDECLARED_SELECTOR = YES;
				GCC_WARN_UNINITIALIZED_AUTOS = YES_AGGRESSIVE;
				GCC_WARN_UNUSED_FUNCTION = YES;
				GCC_WARN_UNUSED_VARIABLE = YES;
				MACOSX_DEPLOYMENT_TARGET = 10.15;
				MTL_ENABLE_DEBUG_INFO = INCLUDE_SOURCE;
				MTL_FAST_MATH = YES;
				ONLY_ACTIVE_ARCH = YES;
				SDKROOT = macosx;
			};
			name = Debug;
		};
		6A15583A243EC89F0090D285 /* Release */ = {
			isa = XCBuildConfiguration;
			buildSettings = {
				ALWAYS_SEARCH_USER_PATHS = NO;
				CLANG_ANALYZER_NONNULL = YES;
				CLANG_ANALYZER_NUMBER_OBJECT_CONVERSION = YES_AGGRESSIVE;
				CLANG_CXX_LANGUAGE_STANDARD = "gnu++14";
				CLANG_CXX_LIBRARY = "libc++";
				CLANG_ENABLE_MODULES = YES;
				CLANG_ENABLE_OBJC_ARC = YES;
				CLANG_ENABLE_OBJC_WEAK = YES;
				CLANG_WARN_BLOCK_CAPTURE_AUTORELEASING = YES;
				CLANG_WARN_BOOL_CONVERSION = YES;
				CLANG_WARN_COMMA = YES;
				CLANG_WARN_CONSTANT_CONVERSION = YES;
				CLANG_WARN_DEPRECATED_OBJC_IMPLEMENTATIONS = YES;
				CLANG_WARN_DIRECT_OBJC_ISA_USAGE = YES_ERROR;
				CLANG_WARN_DOCUMENTATION_COMMENTS = YES;
				CLANG_WARN_EMPTY_BODY = YES;
				CLANG_WARN_ENUM_CONVERSION = YES;
				CLANG_WARN_INFINITE_RECURSION = YES;
				CLANG_WARN_INT_CONVERSION = YES;
				CLANG_WARN_NON_LITERAL_NULL_CONVERSION = YES;
				CLANG_WARN_OBJC_IMPLICIT_RETAIN_SELF = YES;
				CLANG_WARN_OBJC_LITERAL_CONVERSION = YES;
				CLANG_WARN_OBJC_ROOT_CLASS = YES_ERROR;
				CLANG_WARN_RANGE_LOOP_ANALYSIS = YES;
				CLANG_WARN_STRICT_PROTOTYPES = YES;
				CLANG_WARN_SUSPICIOUS_MOVE = YES;
				CLANG_WARN_UNGUARDED_AVAILABILITY = YES_AGGRESSIVE;
				CLANG_WARN_UNREACHABLE_CODE = YES;
				CLANG_WARN__DUPLICATE_METHOD_MATCH = YES;
				COPY_PHASE_STRIP = NO;
				DEBUG_INFORMATION_FORMAT = "dwarf-with-dsym";
				ENABLE_NS_ASSERTIONS = NO;
				ENABLE_STRICT_OBJC_MSGSEND = YES;
				GCC_C_LANGUAGE_STANDARD = gnu11;
				GCC_NO_COMMON_BLOCKS = YES;
				GCC_WARN_64_TO_32_BIT_CONVERSION = YES;
				GCC_WARN_ABOUT_RETURN_TYPE = YES_ERROR;
				GCC_WARN_UNDECLARED_SELECTOR = YES;
				GCC_WARN_UNINITIALIZED_AUTOS = YES_AGGRESSIVE;
				GCC_WARN_UNUSED_FUNCTION = YES;
				GCC_WARN_UNUSED_VARIABLE = YES;
				MACOSX_DEPLOYMENT_TARGET = 10.15;
				MTL_ENABLE_DEBUG_INFO = NO;
				MTL_FAST_MATH = YES;
				SDKROOT = macosx;
				"SYSTEM_HEADER_SEARCH_PATHS[arch=*]" = "";
			};
			name = Release;
		};
		6A15583C243EC89F0090D285 /* Debug */ = {
			isa = XCBuildConfiguration;
			buildSettings = {
				CODE_SIGN_STYLE = Automatic;
				GCC_NO_COMMON_BLOCKS = NO;
				"HEADER_SEARCH_PATHS[arch=*]" = (
					"$(PROJECT_DIR)/build/include",
					/usr/X11/include,
					/usr/X11/lib,
				);
				OTHER_LDFLAGS = (
					"-I/usr/X11R6/include",
					"-L/usr/X11R6/lib",
					"-lX11",
				);
				PRODUCT_NAME = "$(TARGET_NAME)";
				"SYSTEM_HEADER_SEARCH_PATHS[arch=*]" = (
					/usr/X11/lib,
					/usr/X11/include,
					"/Applications/Xcode.app/Contents/Developer/Toolchains/XcodeDefault.xctoolchain/usr/include/c++/v1/",
				);
			};
			name = Debug;
		};
		6A15583D243EC89F0090D285 /* Release */ = {
			isa = XCBuildConfiguration;
			buildSettings = {
				CODE_SIGN_STYLE = Automatic;
				GCC_NO_COMMON_BLOCKS = NO;
				"HEADER_SEARCH_PATHS[arch=*]" = (
					"$(PROJECT_DIR)/build/include",
					/usr/X11/lib,
					/usr/X11/include,
				);
				OTHER_LDFLAGS = (
					"-I/usr/X11R6/include",
					"-L/usr/X11R6/lib",
					"-lX11",
				);
				PRODUCT_NAME = "$(TARGET_NAME)";
				"SYSTEM_HEADER_SEARCH_PATHS[arch=*]" = (
					"/Applications/Xcode.app/Contents/Developer/Toolchains/XcodeDefault.xctoolchain/usr/include/c++/v1/",
					/usr/X11/lib,
					/usr/X11/include,
				);
			};
			name = Release;
		};
/* End XCBuildConfiguration section */

/* Begin XCConfigurationList section */
		6A15582F243EC89F0090D285 /* Build configuration list for PBXProject "chess" */ = {
			isa = XCConfigurationList;
			buildConfigurations = (
				6A155839243EC89F0090D285 /* Debug */,
				6A15583A243EC89F0090D285 /* Release */,
			);
			defaultConfigurationIsVisible = 0;
			defaultConfigurationName = Release;
		};
		6A15583B243EC89F0090D285 /* Build configuration list for PBXNativeTarget "chess" */ = {
			isa = XCConfigurationList;
			buildConfigurations = (
				6A15583C243EC89F0090D285 /* Debug */,
				6A15583D243EC89F0090D285 /* Release */,
			);
			defaultConfigurationIsVisible = 0;
			defaultConfigurationName = Release;
		};
/* End XCConfigurationList section */
	};
	rootObject = 6A15582C243EC89F0090D285 /* Project object */;
}
